
Microsoft Visual Studio Solution File, Format Version 12.00
# Visual Studio Version 17
VisualStudioVersion = 17.14.36109.1 d17.14
MinimumVisualStudioVersion = 10.0.40219.1
Project("{FAE04EC0-301F-11D3-BF4B-00C04F79EFBC}") = "blogic-crm-back", "blogic-crm-back\blogic-crm-back.csproj", "{37B33C22-E30C-4998-B05A-5454630A6146}"
EndProject
Global
	GlobalSection(SolutionConfigurationPlatforms) = preSolution
		Debug|Any CPU = Debug|Any CPU
		Release|Any CPU = Release|Any CPU
	EndGlobalSection
	GlobalSection(ProjectConfigurationPlatforms) = postSolution
		{37B33C22-E30C-4998-B05A-5454630A6146}.Debug|Any CPU.ActiveCfg = Debug|Any CPU
		{37B33C22-E30C-4998-B05A-5454630A6146}.Debug|Any CPU.Build.0 = Debug|Any CPU
		{37B33C22-E30C-4998-B05A-5454630A6146}.Release|Any CPU.ActiveCfg = Release|Any CPU
		{37B33C22-E30C-4998-B05A-5454630A6146}.Release|Any CPU.Build.0 = Release|Any CPU
	EndGlobalSection
	GlobalSection(SolutionProperties) = preSolution
		HideSolutionNode = FALSE
	EndGlobalSection
	GlobalSection(ExtensibilityGlobals) = postSolution
		SolutionGuid = {330E42B4-D871-47BC-A021-B09F012B257A}
	EndGlobalSection
EndGlobal
